
Microsoft Visual Studio Solution File, Format Version 12.00
# Visual Studio 14
VisualStudioVersion = 14.0.25420.1
MinimumVisualStudioVersion = 10.0.40219.1
Project("{FAE04EC0-301F-11D3-BF4B-00C04F79EFBC}") = "Micro.Future.Utility", "Micro.Future.Utility\Micro.Future.Utility.csproj", "{A6A3AF60-A359-49C4-8747-C79B695489E2}"
EndProject
Project("{FAE04EC0-301F-11D3-BF4B-00C04F79EFBC}") = "Micro.Future.UIObjects", "Micro.Future.UIObjects\Micro.Future.UIObjects.csproj", "{4BD98165-B411-4890-B74A-30619059502B}"
EndProject
Project("{FAE04EC0-301F-11D3-BF4B-00C04F79EFBC}") = "Micro.Future.CustomizedControls", "Micro.Future.CustomizedControls\Micro.Future.CustomizedControls.csproj", "{6425AAD0-3C33-4F14-AE8F-53ED07C203D6}"
EndProject
Project("{FAE04EC0-301F-11D3-BF4B-00C04F79EFBC}") = "Micro.Future.WPFThemeLib", "Micro.Future.WPFThemeLib\Micro.Future.WPFThemeLib.csproj", "{FC6C36D7-D378-4CB9-A50C-E5A0050E9182}"
EndProject
Project("{FAE04EC0-301F-11D3-BF4B-00C04F79EFBC}") = "Micro.Future.ClientUI", "Micro.Future.ClientUI\Micro.Future.ClientUI.csproj", "{B7396C44-1073-4C8E-BE3A-FD9C2329A220}"
EndProject
Project("{FAE04EC0-301F-11D3-BF4B-00C04F79EFBC}") = "Micro.Future.Tools", "Micro.Future.Tools\Micro.Future.Tools.csproj", "{F16AEF6A-4B81-4D04-9442-17438F6F6EFA}"
EndProject
Project("{FAE04EC0-301F-11D3-BF4B-00C04F79EFBC}") = "Micro.Future.Message.ProtoBuf", "..\FutureXShare\src\Micro.Future.Message.ProtoBuf\Micro.Future.Message.ProtoBuf.csproj", "{C518B93E-4E53-45AF-AD44-B5D1BD7EEA8B}"
EndProject
Project("{FAE04EC0-301F-11D3-BF4B-00C04F79EFBC}") = "Micro.Future.Message", "..\FutureXShare\src\Micro.Future.Message\Micro.Future.Message.csproj", "{354935CE-AB35-4BC3-88DD-E6C3B1E0870C}"
EndProject
Project("{FAE04EC0-301F-11D3-BF4B-00C04F79EFBC}") = "Micro.Future.Resources.Localization", "Micro.Future.Resources.Localization\Micro.Future.Resources.Localization.csproj", "{A4F4C39E-639A-44FF-B342-FD7F38FB883D}"
EndProject
Project("{FAE04EC0-301F-11D3-BF4B-00C04F79EFBC}") = "Micro.Future.Business.Handler", "Micro.Future.Business.Handler\Micro.Future.Business.Handler.csproj", "{9A4B458C-1178-4337-B2A7-33E0A6822681}"
EndProject
Project("{FAE04EC0-301F-11D3-BF4B-00C04F79EFBC}") = "Micro.Future.ViewModel.Common", "Micro.Future.ViewModel.Common\Micro.Future.ViewModel.Common.csproj", "{FA8BA007-B5D3-478F-901C-46C5ED21AEE2}"
EndProject
Project("{FAE04EC0-301F-11D3-BF4B-00C04F79EFBC}") = "Micro.Future.LocalStorage", "Micro.Future.LocalStorage\Micro.Future.LocalStorage.csproj", "{8A2127D2-8C14-4A0E-8608-E355ACDA150D}"
EndProject
Project("{FAE04EC0-301F-11D3-BF4B-00C04F79EFBC}") = "Micro.Future.Client.TestCases", "Micro.Future.Client.TestCases\Micro.Future.Client.TestCases.csproj", "{A1CEBD04-8321-4C30-AF35-87688B2075BE}"
EndProject
Project("{FAE04EC0-301F-11D3-BF4B-00C04F79EFBC}") = "Micro.Future.Simulator", "Micro.Future.Simulator\Micro.Future.Simulator.csproj", "{C3E9285A-C9C5-4406-99D5-FF1BA7D46D87}"
EndProject
Project("{54435603-DBB4-11D2-8724-00A0C9A8B90C}") = "Micro.Future.Client.Setup", "Micro.Future.Client.Setup\Micro.Future.Client.Setup.vdproj", "{EDEC9962-C396-4881-AC26-0437CAEA1C2F}"
EndProject
Project("{FAE04EC0-301F-11D3-BF4B-00C04F79EFBC}") = "Micro.Future.AutoUpdate", "Micro.Future.AutoUpdate\Micro.Future.AutoUpdate.csproj", "{EC04DDB3-2630-4773-BA85-3306412DFF77}"
EndProject
Global
	GlobalSection(SolutionConfigurationPlatforms) = preSolution
		Debug|Any CPU = Debug|Any CPU
		Debug|Mixed Platforms = Debug|Mixed Platforms
		Debug|Win32 = Debug|Win32
		Debug|x86 = Debug|x86
		Release|Any CPU = Release|Any CPU
		Release|Mixed Platforms = Release|Mixed Platforms
		Release|Win32 = Release|Win32
		Release|x86 = Release|x86
	EndGlobalSection
	GlobalSection(ProjectConfigurationPlatforms) = postSolution
		{A6A3AF60-A359-49C4-8747-C79B695489E2}.Debug|Any CPU.ActiveCfg = Debug|Any CPU
		{A6A3AF60-A359-49C4-8747-C79B695489E2}.Debug|Any CPU.Build.0 = Debug|Any CPU
		{A6A3AF60-A359-49C4-8747-C79B695489E2}.Debug|Mixed Platforms.ActiveCfg = Debug|Any CPU
		{A6A3AF60-A359-49C4-8747-C79B695489E2}.Debug|Mixed Platforms.Build.0 = Debug|Any CPU
		{A6A3AF60-A359-49C4-8747-C79B695489E2}.Debug|Win32.ActiveCfg = Debug|Any CPU
		{A6A3AF60-A359-49C4-8747-C79B695489E2}.Debug|x86.ActiveCfg = Debug|Any CPU
		{A6A3AF60-A359-49C4-8747-C79B695489E2}.Release|Any CPU.ActiveCfg = Release|Any CPU
		{A6A3AF60-A359-49C4-8747-C79B695489E2}.Release|Any CPU.Build.0 = Release|Any CPU
		{A6A3AF60-A359-49C4-8747-C79B695489E2}.Release|Mixed Platforms.ActiveCfg = Release|Any CPU
		{A6A3AF60-A359-49C4-8747-C79B695489E2}.Release|Mixed Platforms.Build.0 = Release|Any CPU
		{A6A3AF60-A359-49C4-8747-C79B695489E2}.Release|Win32.ActiveCfg = Release|Any CPU
		{A6A3AF60-A359-49C4-8747-C79B695489E2}.Release|x86.ActiveCfg = Release|Any CPU
		{4BD98165-B411-4890-B74A-30619059502B}.Debug|Any CPU.ActiveCfg = Debug|Any CPU
		{4BD98165-B411-4890-B74A-30619059502B}.Debug|Any CPU.Build.0 = Debug|Any CPU
		{4BD98165-B411-4890-B74A-30619059502B}.Debug|Mixed Platforms.ActiveCfg = Debug|Any CPU
		{4BD98165-B411-4890-B74A-30619059502B}.Debug|Mixed Platforms.Build.0 = Debug|Any CPU
		{4BD98165-B411-4890-B74A-30619059502B}.Debug|Win32.ActiveCfg = Debug|Any CPU
		{4BD98165-B411-4890-B74A-30619059502B}.Debug|x86.ActiveCfg = Debug|Any CPU
		{4BD98165-B411-4890-B74A-30619059502B}.Release|Any CPU.ActiveCfg = Release|Any CPU
		{4BD98165-B411-4890-B74A-30619059502B}.Release|Any CPU.Build.0 = Release|Any CPU
		{4BD98165-B411-4890-B74A-30619059502B}.Release|Mixed Platforms.ActiveCfg = Release|Any CPU
		{4BD98165-B411-4890-B74A-30619059502B}.Release|Mixed Platforms.Build.0 = Release|Any CPU
		{4BD98165-B411-4890-B74A-30619059502B}.Release|Win32.ActiveCfg = Release|Any CPU
		{4BD98165-B411-4890-B74A-30619059502B}.Release|x86.ActiveCfg = Release|Any CPU
		{6425AAD0-3C33-4F14-AE8F-53ED07C203D6}.Debug|Any CPU.ActiveCfg = Debug|Any CPU
		{6425AAD0-3C33-4F14-AE8F-53ED07C203D6}.Debug|Any CPU.Build.0 = Debug|Any CPU
		{6425AAD0-3C33-4F14-AE8F-53ED07C203D6}.Debug|Mixed Platforms.ActiveCfg = Debug|Any CPU
		{6425AAD0-3C33-4F14-AE8F-53ED07C203D6}.Debug|Mixed Platforms.Build.0 = Debug|Any CPU
		{6425AAD0-3C33-4F14-AE8F-53ED07C203D6}.Debug|Win32.ActiveCfg = Debug|Any CPU
		{6425AAD0-3C33-4F14-AE8F-53ED07C203D6}.Debug|x86.ActiveCfg = Debug|Any CPU
		{6425AAD0-3C33-4F14-AE8F-53ED07C203D6}.Release|Any CPU.ActiveCfg = Release|Any CPU
		{6425AAD0-3C33-4F14-AE8F-53ED07C203D6}.Release|Any CPU.Build.0 = Release|Any CPU
		{6425AAD0-3C33-4F14-AE8F-53ED07C203D6}.Release|Mixed Platforms.ActiveCfg = Release|Any CPU
		{6425AAD0-3C33-4F14-AE8F-53ED07C203D6}.Release|Mixed Platforms.Build.0 = Release|Any CPU
		{6425AAD0-3C33-4F14-AE8F-53ED07C203D6}.Release|Win32.ActiveCfg = Release|Any CPU
		{6425AAD0-3C33-4F14-AE8F-53ED07C203D6}.Release|x86.ActiveCfg = Release|Any CPU
		{FC6C36D7-D378-4CB9-A50C-E5A0050E9182}.Debug|Any CPU.ActiveCfg = Debug|Any CPU
		{FC6C36D7-D378-4CB9-A50C-E5A0050E9182}.Debug|Any CPU.Build.0 = Debug|Any CPU
		{FC6C36D7-D378-4CB9-A50C-E5A0050E9182}.Debug|Mixed Platforms.ActiveCfg = Debug|Any CPU
		{FC6C36D7-D378-4CB9-A50C-E5A0050E9182}.Debug|Mixed Platforms.Build.0 = Debug|Any CPU
		{FC6C36D7-D378-4CB9-A50C-E5A0050E9182}.Debug|Win32.ActiveCfg = Debug|Any CPU
		{FC6C36D7-D378-4CB9-A50C-E5A0050E9182}.Debug|x86.ActiveCfg = Debug|Any CPU
		{FC6C36D7-D378-4CB9-A50C-E5A0050E9182}.Release|Any CPU.ActiveCfg = Release|Any CPU
		{FC6C36D7-D378-4CB9-A50C-E5A0050E9182}.Release|Any CPU.Build.0 = Release|Any CPU
		{FC6C36D7-D378-4CB9-A50C-E5A0050E9182}.Release|Mixed Platforms.ActiveCfg = Release|Any CPU
		{FC6C36D7-D378-4CB9-A50C-E5A0050E9182}.Release|Mixed Platforms.Build.0 = Release|Any CPU
		{FC6C36D7-D378-4CB9-A50C-E5A0050E9182}.Release|Win32.ActiveCfg = Release|Any CPU
		{FC6C36D7-D378-4CB9-A50C-E5A0050E9182}.Release|x86.ActiveCfg = Release|Any CPU
		{B7396C44-1073-4C8E-BE3A-FD9C2329A220}.Debug|Any CPU.ActiveCfg = Debug|Any CPU
		{B7396C44-1073-4C8E-BE3A-FD9C2329A220}.Debug|Any CPU.Build.0 = Debug|Any CPU
		{B7396C44-1073-4C8E-BE3A-FD9C2329A220}.Debug|Mixed Platforms.ActiveCfg = Debug|Any CPU
		{B7396C44-1073-4C8E-BE3A-FD9C2329A220}.Debug|Mixed Platforms.Build.0 = Debug|Any CPU
		{B7396C44-1073-4C8E-BE3A-FD9C2329A220}.Debug|Win32.ActiveCfg = Debug|Any CPU
		{B7396C44-1073-4C8E-BE3A-FD9C2329A220}.Debug|Win32.Build.0 = Debug|Any CPU
		{B7396C44-1073-4C8E-BE3A-FD9C2329A220}.Debug|x86.ActiveCfg = Debug|Any CPU
		{B7396C44-1073-4C8E-BE3A-FD9C2329A220}.Debug|x86.Build.0 = Debug|Any CPU
		{B7396C44-1073-4C8E-BE3A-FD9C2329A220}.Release|Any CPU.ActiveCfg = Release|Any CPU
		{B7396C44-1073-4C8E-BE3A-FD9C2329A220}.Release|Any CPU.Build.0 = Release|Any CPU
		{B7396C44-1073-4C8E-BE3A-FD9C2329A220}.Release|Mixed Platforms.ActiveCfg = Release|Any CPU
		{B7396C44-1073-4C8E-BE3A-FD9C2329A220}.Release|Mixed Platforms.Build.0 = Release|Any CPU
		{B7396C44-1073-4C8E-BE3A-FD9C2329A220}.Release|Win32.ActiveCfg = Release|Any CPU
		{B7396C44-1073-4C8E-BE3A-FD9C2329A220}.Release|Win32.Build.0 = Release|Any CPU
		{B7396C44-1073-4C8E-BE3A-FD9C2329A220}.Release|x86.ActiveCfg = Release|Any CPU
		{B7396C44-1073-4C8E-BE3A-FD9C2329A220}.Release|x86.Build.0 = Release|Any CPU
		{F16AEF6A-4B81-4D04-9442-17438F6F6EFA}.Debug|Any CPU.ActiveCfg = Debug|Any CPU
		{F16AEF6A-4B81-4D04-9442-17438F6F6EFA}.Debug|Any CPU.Build.0 = Debug|Any CPU
		{F16AEF6A-4B81-4D04-9442-17438F6F6EFA}.Debug|Mixed Platforms.ActiveCfg = Debug|Any CPU
		{F16AEF6A-4B81-4D04-9442-17438F6F6EFA}.Debug|Mixed Platforms.Build.0 = Debug|Any CPU
		{F16AEF6A-4B81-4D04-9442-17438F6F6EFA}.Debug|Win32.ActiveCfg = Debug|Any CPU
		{F16AEF6A-4B81-4D04-9442-17438F6F6EFA}.Debug|Win32.Build.0 = Debug|Any CPU
		{F16AEF6A-4B81-4D04-9442-17438F6F6EFA}.Debug|x86.ActiveCfg = Debug|Any CPU
		{F16AEF6A-4B81-4D04-9442-17438F6F6EFA}.Debug|x86.Build.0 = Debug|Any CPU
		{F16AEF6A-4B81-4D04-9442-17438F6F6EFA}.Release|Any CPU.ActiveCfg = Release|Any CPU
		{F16AEF6A-4B81-4D04-9442-17438F6F6EFA}.Release|Any CPU.Build.0 = Release|Any CPU
		{F16AEF6A-4B81-4D04-9442-17438F6F6EFA}.Release|Mixed Platforms.ActiveCfg = Release|Any CPU
		{F16AEF6A-4B81-4D04-9442-17438F6F6EFA}.Release|Mixed Platforms.Build.0 = Release|Any CPU
		{F16AEF6A-4B81-4D04-9442-17438F6F6EFA}.Release|Win32.ActiveCfg = Release|Any CPU
		{F16AEF6A-4B81-4D04-9442-17438F6F6EFA}.Release|Win32.Build.0 = Release|Any CPU
		{F16AEF6A-4B81-4D04-9442-17438F6F6EFA}.Release|x86.ActiveCfg = Release|Any CPU
		{F16AEF6A-4B81-4D04-9442-17438F6F6EFA}.Release|x86.Build.0 = Release|Any CPU
		{C518B93E-4E53-45AF-AD44-B5D1BD7EEA8B}.Debug|Any CPU.ActiveCfg = Debug|Any CPU
		{C518B93E-4E53-45AF-AD44-B5D1BD7EEA8B}.Debug|Any CPU.Build.0 = Debug|Any CPU
		{C518B93E-4E53-45AF-AD44-B5D1BD7EEA8B}.Debug|Mixed Platforms.ActiveCfg = Debug|Any CPU
		{C518B93E-4E53-45AF-AD44-B5D1BD7EEA8B}.Debug|Mixed Platforms.Build.0 = Debug|Any CPU
		{C518B93E-4E53-45AF-AD44-B5D1BD7EEA8B}.Debug|Win32.ActiveCfg = Debug|Any CPU
		{C518B93E-4E53-45AF-AD44-B5D1BD7EEA8B}.Debug|Win32.Build.0 = Debug|Any CPU
		{C518B93E-4E53-45AF-AD44-B5D1BD7EEA8B}.Debug|x86.ActiveCfg = Debug|Any CPU
		{C518B93E-4E53-45AF-AD44-B5D1BD7EEA8B}.Debug|x86.Build.0 = Debug|Any CPU
		{C518B93E-4E53-45AF-AD44-B5D1BD7EEA8B}.Release|Any CPU.ActiveCfg = Release|Any CPU
		{C518B93E-4E53-45AF-AD44-B5D1BD7EEA8B}.Release|Any CPU.Build.0 = Release|Any CPU
		{C518B93E-4E53-45AF-AD44-B5D1BD7EEA8B}.Release|Mixed Platforms.ActiveCfg = Release|Any CPU
		{C518B93E-4E53-45AF-AD44-B5D1BD7EEA8B}.Release|Mixed Platforms.Build.0 = Release|Any CPU
		{C518B93E-4E53-45AF-AD44-B5D1BD7EEA8B}.Release|Win32.ActiveCfg = Release|Any CPU
		{C518B93E-4E53-45AF-AD44-B5D1BD7EEA8B}.Release|Win32.Build.0 = Release|Any CPU
		{C518B93E-4E53-45AF-AD44-B5D1BD7EEA8B}.Release|x86.ActiveCfg = Release|Any CPU
		{C518B93E-4E53-45AF-AD44-B5D1BD7EEA8B}.Release|x86.Build.0 = Release|Any CPU
		{354935CE-AB35-4BC3-88DD-E6C3B1E0870C}.Debug|Any CPU.ActiveCfg = Debug|Any CPU
		{354935CE-AB35-4BC3-88DD-E6C3B1E0870C}.Debug|Any CPU.Build.0 = Debug|Any CPU
		{354935CE-AB35-4BC3-88DD-E6C3B1E0870C}.Debug|Mixed Platforms.ActiveCfg = Debug|Any CPU
		{354935CE-AB35-4BC3-88DD-E6C3B1E0870C}.Debug|Mixed Platforms.Build.0 = Debug|Any CPU
		{354935CE-AB35-4BC3-88DD-E6C3B1E0870C}.Debug|Win32.ActiveCfg = Debug|Any CPU
		{354935CE-AB35-4BC3-88DD-E6C3B1E0870C}.Debug|Win32.Build.0 = Debug|Any CPU
		{354935CE-AB35-4BC3-88DD-E6C3B1E0870C}.Debug|x86.ActiveCfg = Debug|Any CPU
		{354935CE-AB35-4BC3-88DD-E6C3B1E0870C}.Debug|x86.Build.0 = Debug|Any CPU
		{354935CE-AB35-4BC3-88DD-E6C3B1E0870C}.Release|Any CPU.ActiveCfg = Release|Any CPU
		{354935CE-AB35-4BC3-88DD-E6C3B1E0870C}.Release|Any CPU.Build.0 = Release|Any CPU
		{354935CE-AB35-4BC3-88DD-E6C3B1E0870C}.Release|Mixed Platforms.ActiveCfg = Release|Any CPU
		{354935CE-AB35-4BC3-88DD-E6C3B1E0870C}.Release|Mixed Platforms.Build.0 = Release|Any CPU
		{354935CE-AB35-4BC3-88DD-E6C3B1E0870C}.Release|Win32.ActiveCfg = Release|Any CPU
		{354935CE-AB35-4BC3-88DD-E6C3B1E0870C}.Release|Win32.Build.0 = Release|Any CPU
		{354935CE-AB35-4BC3-88DD-E6C3B1E0870C}.Release|x86.ActiveCfg = Release|Any CPU
		{354935CE-AB35-4BC3-88DD-E6C3B1E0870C}.Release|x86.Build.0 = Release|Any CPU
		{A4F4C39E-639A-44FF-B342-FD7F38FB883D}.Debug|Any CPU.ActiveCfg = Debug|Any CPU
		{A4F4C39E-639A-44FF-B342-FD7F38FB883D}.Debug|Any CPU.Build.0 = Debug|Any CPU
		{A4F4C39E-639A-44FF-B342-FD7F38FB883D}.Debug|Mixed Platforms.ActiveCfg = Debug|Any CPU
		{A4F4C39E-639A-44FF-B342-FD7F38FB883D}.Debug|Mixed Platforms.Build.0 = Debug|Any CPU
		{A4F4C39E-639A-44FF-B342-FD7F38FB883D}.Debug|Win32.ActiveCfg = Debug|Any CPU
		{A4F4C39E-639A-44FF-B342-FD7F38FB883D}.Debug|Win32.Build.0 = Debug|Any CPU
		{A4F4C39E-639A-44FF-B342-FD7F38FB883D}.Debug|x86.ActiveCfg = Debug|Any CPU
		{A4F4C39E-639A-44FF-B342-FD7F38FB883D}.Debug|x86.Build.0 = Debug|Any CPU
		{A4F4C39E-639A-44FF-B342-FD7F38FB883D}.Release|Any CPU.ActiveCfg = Release|Any CPU
		{A4F4C39E-639A-44FF-B342-FD7F38FB883D}.Release|Any CPU.Build.0 = Release|Any CPU
		{A4F4C39E-639A-44FF-B342-FD7F38FB883D}.Release|Mixed Platforms.ActiveCfg = Release|Any CPU
		{A4F4C39E-639A-44FF-B342-FD7F38FB883D}.Release|Mixed Platforms.Build.0 = Release|Any CPU
		{A4F4C39E-639A-44FF-B342-FD7F38FB883D}.Release|Win32.ActiveCfg = Release|Any CPU
		{A4F4C39E-639A-44FF-B342-FD7F38FB883D}.Release|Win32.Build.0 = Release|Any CPU
		{A4F4C39E-639A-44FF-B342-FD7F38FB883D}.Release|x86.ActiveCfg = Release|Any CPU
		{A4F4C39E-639A-44FF-B342-FD7F38FB883D}.Release|x86.Build.0 = Release|Any CPU
		{9A4B458C-1178-4337-B2A7-33E0A6822681}.Debug|Any CPU.ActiveCfg = Debug|Any CPU
		{9A4B458C-1178-4337-B2A7-33E0A6822681}.Debug|Any CPU.Build.0 = Debug|Any CPU
		{9A4B458C-1178-4337-B2A7-33E0A6822681}.Debug|Mixed Platforms.ActiveCfg = Debug|Any CPU
		{9A4B458C-1178-4337-B2A7-33E0A6822681}.Debug|Mixed Platforms.Build.0 = Debug|Any CPU
		{9A4B458C-1178-4337-B2A7-33E0A6822681}.Debug|Win32.ActiveCfg = Debug|Any CPU
		{9A4B458C-1178-4337-B2A7-33E0A6822681}.Debug|Win32.Build.0 = Debug|Any CPU
		{9A4B458C-1178-4337-B2A7-33E0A6822681}.Debug|x86.ActiveCfg = Debug|Any CPU
		{9A4B458C-1178-4337-B2A7-33E0A6822681}.Debug|x86.Build.0 = Debug|Any CPU
		{9A4B458C-1178-4337-B2A7-33E0A6822681}.Release|Any CPU.ActiveCfg = Release|Any CPU
		{9A4B458C-1178-4337-B2A7-33E0A6822681}.Release|Any CPU.Build.0 = Release|Any CPU
		{9A4B458C-1178-4337-B2A7-33E0A6822681}.Release|Mixed Platforms.ActiveCfg = Release|Any CPU
		{9A4B458C-1178-4337-B2A7-33E0A6822681}.Release|Mixed Platforms.Build.0 = Release|Any CPU
		{9A4B458C-1178-4337-B2A7-33E0A6822681}.Release|Win32.ActiveCfg = Release|Any CPU
		{9A4B458C-1178-4337-B2A7-33E0A6822681}.Release|Win32.Build.0 = Release|Any CPU
		{9A4B458C-1178-4337-B2A7-33E0A6822681}.Release|x86.ActiveCfg = Release|Any CPU
		{9A4B458C-1178-4337-B2A7-33E0A6822681}.Release|x86.Build.0 = Release|Any CPU
		{FA8BA007-B5D3-478F-901C-46C5ED21AEE2}.Debug|Any CPU.ActiveCfg = Debug|Any CPU
		{FA8BA007-B5D3-478F-901C-46C5ED21AEE2}.Debug|Any CPU.Build.0 = Debug|Any CPU
		{FA8BA007-B5D3-478F-901C-46C5ED21AEE2}.Debug|Mixed Platforms.ActiveCfg = Debug|Any CPU
		{FA8BA007-B5D3-478F-901C-46C5ED21AEE2}.Debug|Mixed Platforms.Build.0 = Debug|Any CPU
		{FA8BA007-B5D3-478F-901C-46C5ED21AEE2}.Debug|Win32.ActiveCfg = Debug|Any CPU
		{FA8BA007-B5D3-478F-901C-46C5ED21AEE2}.Debug|Win32.Build.0 = Debug|Any CPU
		{FA8BA007-B5D3-478F-901C-46C5ED21AEE2}.Debug|x86.ActiveCfg = Debug|Any CPU
		{FA8BA007-B5D3-478F-901C-46C5ED21AEE2}.Debug|x86.Build.0 = Debug|Any CPU
		{FA8BA007-B5D3-478F-901C-46C5ED21AEE2}.Release|Any CPU.ActiveCfg = Release|Any CPU
		{FA8BA007-B5D3-478F-901C-46C5ED21AEE2}.Release|Any CPU.Build.0 = Release|Any CPU
		{FA8BA007-B5D3-478F-901C-46C5ED21AEE2}.Release|Mixed Platforms.ActiveCfg = Release|Any CPU
		{FA8BA007-B5D3-478F-901C-46C5ED21AEE2}.Release|Mixed Platforms.Build.0 = Release|Any CPU
		{FA8BA007-B5D3-478F-901C-46C5ED21AEE2}.Release|Win32.ActiveCfg = Release|Any CPU
		{FA8BA007-B5D3-478F-901C-46C5ED21AEE2}.Release|Win32.Build.0 = Release|Any CPU
		{FA8BA007-B5D3-478F-901C-46C5ED21AEE2}.Release|x86.ActiveCfg = Release|Any CPU
		{FA8BA007-B5D3-478F-901C-46C5ED21AEE2}.Release|x86.Build.0 = Release|Any CPU
		{8A2127D2-8C14-4A0E-8608-E355ACDA150D}.Debug|Any CPU.ActiveCfg = Debug|Any CPU
		{8A2127D2-8C14-4A0E-8608-E355ACDA150D}.Debug|Any CPU.Build.0 = Debug|Any CPU
		{8A2127D2-8C14-4A0E-8608-E355ACDA150D}.Debug|Mixed Platforms.ActiveCfg = Debug|Any CPU
		{8A2127D2-8C14-4A0E-8608-E355ACDA150D}.Debug|Mixed Platforms.Build.0 = Debug|Any CPU
		{8A2127D2-8C14-4A0E-8608-E355ACDA150D}.Debug|Win32.ActiveCfg = Debug|Any CPU
		{8A2127D2-8C14-4A0E-8608-E355ACDA150D}.Debug|Win32.Build.0 = Debug|Any CPU
		{8A2127D2-8C14-4A0E-8608-E355ACDA150D}.Debug|x86.ActiveCfg = Debug|Any CPU
		{8A2127D2-8C14-4A0E-8608-E355ACDA150D}.Debug|x86.Build.0 = Debug|Any CPU
		{8A2127D2-8C14-4A0E-8608-E355ACDA150D}.Release|Any CPU.ActiveCfg = Release|Any CPU
		{8A2127D2-8C14-4A0E-8608-E355ACDA150D}.Release|Any CPU.Build.0 = Release|Any CPU
		{8A2127D2-8C14-4A0E-8608-E355ACDA150D}.Release|Mixed Platforms.ActiveCfg = Release|Any CPU
		{8A2127D2-8C14-4A0E-8608-E355ACDA150D}.Release|Mixed Platforms.Build.0 = Release|Any CPU
		{8A2127D2-8C14-4A0E-8608-E355ACDA150D}.Release|Win32.ActiveCfg = Release|Any CPU
		{8A2127D2-8C14-4A0E-8608-E355ACDA150D}.Release|Win32.Build.0 = Release|Any CPU
		{8A2127D2-8C14-4A0E-8608-E355ACDA150D}.Release|x86.ActiveCfg = Release|Any CPU
		{8A2127D2-8C14-4A0E-8608-E355ACDA150D}.Release|x86.Build.0 = Release|Any CPU
		{A1CEBD04-8321-4C30-AF35-87688B2075BE}.Debug|Any CPU.ActiveCfg = Debug|Any CPU
		{A1CEBD04-8321-4C30-AF35-87688B2075BE}.Debug|Any CPU.Build.0 = Debug|Any CPU
		{A1CEBD04-8321-4C30-AF35-87688B2075BE}.Debug|Mixed Platforms.ActiveCfg = Debug|Any CPU
		{A1CEBD04-8321-4C30-AF35-87688B2075BE}.Debug|Mixed Platforms.Build.0 = Debug|Any CPU
		{A1CEBD04-8321-4C30-AF35-87688B2075BE}.Debug|Win32.ActiveCfg = Debug|Any CPU
		{A1CEBD04-8321-4C30-AF35-87688B2075BE}.Debug|Win32.Build.0 = Debug|Any CPU
		{A1CEBD04-8321-4C30-AF35-87688B2075BE}.Debug|x86.ActiveCfg = Debug|Any CPU
		{A1CEBD04-8321-4C30-AF35-87688B2075BE}.Debug|x86.Build.0 = Debug|Any CPU
		{A1CEBD04-8321-4C30-AF35-87688B2075BE}.Release|Any CPU.ActiveCfg = Release|Any CPU
		{A1CEBD04-8321-4C30-AF35-87688B2075BE}.Release|Any CPU.Build.0 = Release|Any CPU
		{A1CEBD04-8321-4C30-AF35-87688B2075BE}.Release|Mixed Platforms.ActiveCfg = Release|Any CPU
		{A1CEBD04-8321-4C30-AF35-87688B2075BE}.Release|Mixed Platforms.Build.0 = Release|Any CPU
		{A1CEBD04-8321-4C30-AF35-87688B2075BE}.Release|Win32.ActiveCfg = Release|Any CPU
		{A1CEBD04-8321-4C30-AF35-87688B2075BE}.Release|Win32.Build.0 = Release|Any CPU
		{A1CEBD04-8321-4C30-AF35-87688B2075BE}.Release|x86.ActiveCfg = Release|Any CPU
		{A1CEBD04-8321-4C30-AF35-87688B2075BE}.Release|x86.Build.0 = Release|Any CPU
		{C3E9285A-C9C5-4406-99D5-FF1BA7D46D87}.Debug|Any CPU.ActiveCfg = Debug|Any CPU
		{C3E9285A-C9C5-4406-99D5-FF1BA7D46D87}.Debug|Any CPU.Build.0 = Debug|Any CPU
		{C3E9285A-C9C5-4406-99D5-FF1BA7D46D87}.Debug|Mixed Platforms.ActiveCfg = Debug|Any CPU
		{C3E9285A-C9C5-4406-99D5-FF1BA7D46D87}.Debug|Mixed Platforms.Build.0 = Debug|Any CPU
		{C3E9285A-C9C5-4406-99D5-FF1BA7D46D87}.Debug|Win32.ActiveCfg = Debug|Any CPU
		{C3E9285A-C9C5-4406-99D5-FF1BA7D46D87}.Debug|Win32.Build.0 = Debug|Any CPU
		{C3E9285A-C9C5-4406-99D5-FF1BA7D46D87}.Debug|x86.ActiveCfg = Debug|Any CPU
		{C3E9285A-C9C5-4406-99D5-FF1BA7D46D87}.Debug|x86.Build.0 = Debug|Any CPU
		{C3E9285A-C9C5-4406-99D5-FF1BA7D46D87}.Release|Any CPU.ActiveCfg = Release|Any CPU
		{C3E9285A-C9C5-4406-99D5-FF1BA7D46D87}.Release|Any CPU.Build.0 = Release|Any CPU
		{C3E9285A-C9C5-4406-99D5-FF1BA7D46D87}.Release|Mixed Platforms.ActiveCfg = Release|Any CPU
		{C3E9285A-C9C5-4406-99D5-FF1BA7D46D87}.Release|Mixed Platforms.Build.0 = Release|Any CPU
		{C3E9285A-C9C5-4406-99D5-FF1BA7D46D87}.Release|Win32.ActiveCfg = Release|Any CPU
		{C3E9285A-C9C5-4406-99D5-FF1BA7D46D87}.Release|Win32.Build.0 = Release|Any CPU
		{C3E9285A-C9C5-4406-99D5-FF1BA7D46D87}.Release|x86.ActiveCfg = Release|Any CPU
		{C3E9285A-C9C5-4406-99D5-FF1BA7D46D87}.Release|x86.Build.0 = Release|Any CPU
		{EDEC9962-C396-4881-AC26-0437CAEA1C2F}.Debug|Any CPU.ActiveCfg = Debug
		{EDEC9962-C396-4881-AC26-0437CAEA1C2F}.Debug|Mixed Platforms.ActiveCfg = Debug
		{EDEC9962-C396-4881-AC26-0437CAEA1C2F}.Debug|Win32.ActiveCfg = Debug
		{EDEC9962-C396-4881-AC26-0437CAEA1C2F}.Debug|x86.ActiveCfg = Debug
		{EDEC9962-C396-4881-AC26-0437CAEA1C2F}.Release|Any CPU.ActiveCfg = Release
		{EDEC9962-C396-4881-AC26-0437CAEA1C2F}.Release|Mixed Platforms.ActiveCfg = Release
		{EDEC9962-C396-4881-AC26-0437CAEA1C2F}.Release|Win32.ActiveCfg = Release
		{EDEC9962-C396-4881-AC26-0437CAEA1C2F}.Release|x86.ActiveCfg = Release
		{EC04DDB3-2630-4773-BA85-3306412DFF77}.Debug|Any CPU.ActiveCfg = Debug|Any CPU
		{EC04DDB3-2630-4773-BA85-3306412DFF77}.Debug|Any CPU.Build.0 = Debug|Any CPU
		{EC04DDB3-2630-4773-BA85-3306412DFF77}.Debug|Mixed Platforms.ActiveCfg = Debug|Any CPU
		{EC04DDB3-2630-4773-BA85-3306412DFF77}.Debug|Mixed Platforms.Build.0 = Debug|Any CPU
		{EC04DDB3-2630-4773-BA85-3306412DFF77}.Debug|Win32.ActiveCfg = Debug|Any CPU
		{EC04DDB3-2630-4773-BA85-3306412DFF77}.Debug|Win32.Build.0 = Debug|Any CPU
		{EC04DDB3-2630-4773-BA85-3306412DFF77}.Debug|x86.ActiveCfg = Debug|Any CPU
		{EC04DDB3-2630-4773-BA85-3306412DFF77}.Debug|x86.Build.0 = Debug|Any CPU
		{EC04DDB3-2630-4773-BA85-3306412DFF77}.Release|Any CPU.ActiveCfg = Release|Any CPU
		{EC04DDB3-2630-4773-BA85-3306412DFF77}.Release|Any CPU.Build.0 = Release|Any CPU
		{EC04DDB3-2630-4773-BA85-3306412DFF77}.Release|Mixed Platforms.ActiveCfg = Release|Any CPU
		{EC04DDB3-2630-4773-BA85-3306412DFF77}.Release|Mixed Platforms.Build.0 = Release|Any CPU
		{EC04DDB3-2630-4773-BA85-3306412DFF77}.Release|Win32.ActiveCfg = Release|Any CPU
		{EC04DDB3-2630-4773-BA85-3306412DFF77}.Release|Win32.Build.0 = Release|Any CPU
		{EC04DDB3-2630-4773-BA85-3306412DFF77}.Release|x86.ActiveCfg = Release|Any CPU
		{EC04DDB3-2630-4773-BA85-3306412DFF77}.Release|x86.Build.0 = Release|Any CPU
	EndGlobalSection
	GlobalSection(SolutionProperties) = preSolution
		HideSolutionNode = FALSE
	EndGlobalSection
	GlobalSection(TestCaseManagementSettings) = postSolution
		CategoryFile = Ttisv1Client.vsmdi
	EndGlobalSection
EndGlobal
